{
    "_meta": {
        "hash": {
            "sha256": "0ad2e35e2092b5b427f0cbcb62bfb3d17bbd024032db044b92b78439e5fe1f0f"
        },
        "pipfile-spec": 6,
        "requires": {
            "python_version": "3.10"
        },
        "sources": [
            {
                "name": "pypi",
                "url": "https://pypi.org/simple",
                "verify_ssl": true
            }
        ]
    },
    "default": {
        "asgiref": {
            "hashes": [
                "sha256:2f8abc20f7248433085eda803936d98992f1343ddb022065779f37c5da0181d0",
                "sha256:88d59c13d634dcffe0510be048210188edd79aeccb6a6c9028cdad6f31d730a9"
            ],
            "markers": "python_version >= '3.7'",
            "version": "==3.5.0"
        },
        "django": {
            "hashes": [
                "sha256:1239218849e922033a35d2a2f777cb8bee18bd725416744074f455f34ff50d0c",
                "sha256:77ff2e7050e3324c9b67e29b6707754566f58514112a9ac73310f60cd5261930"
            ],
            "index": "pypi",
            "version": "==4.0.3"
        },
        "django-debug-toolbar": {
            "hashes": [
                "sha256:644bbd5c428d3283aa9115722471769cac1bec189edf3a0c855fd8ff870375a9",
                "sha256:6b633b6cfee24f232d73569870f19aa86c819d750e7f3e833f2344a9eb4b4409"
            ],
            "index": "pypi",
            "version": "==3.2.4"
        },
        "psycopg2": {
            "hashes": [
                "sha256:06f32425949bd5fe8f625c49f17ebb9784e1e4fe928b7cce72edc36fb68e4c0c",
                "sha256:0762c27d018edbcb2d34d51596e4346c983bd27c330218c56c4dc25ef7e819bf",
                "sha256:083707a696e5e1c330af2508d8fab36f9700b26621ccbcb538abe22e15485362",
                "sha256:34b33e0162cfcaad151f249c2649fd1030010c16f4bbc40a604c1cb77173dcf7",
                "sha256:4295093a6ae3434d33ec6baab4ca5512a5082cc43c0505293087b8a46d108461",
                "sha256:8cf3878353cc04b053822896bc4922b194792df9df2f1ad8da01fb3043602126",
                "sha256:8e841d1bf3434da985cc5ef13e6f75c8981ced601fd70cc6bf33351b91562981",
                "sha256:9572e08b50aed176ef6d66f15a21d823bb6f6d23152d35e8451d7d2d18fdac56",
                "sha256:a81e3866f99382dfe8c15a151f1ca5fde5815fde879348fe5a9884a7c092a305",
                "sha256:cb10d44e6694d763fa1078a26f7f6137d69f555a78ec85dc2ef716c37447e4b2",
                "sha256:d3ca6421b942f60c008f81a3541e8faf6865a28d5a9b48544b0ee4f40cac7fca"
            ],
            "index": "pypi",
            "version": "==2.9.3"
        },
        "sqlparse": {
            "hashes": [
                "sha256:0c00730c74263a94e5a9919ade150dfc3b19c574389985446148402998287dae",
                "sha256:48719e356bb8b42991bdbb1e8b83223757b93789c00910a616a071910ca4a64d"
            ],
            "markers": "python_version >= '3.5'",
            "version": "==0.4.2"
        },
        "tzdata": {
            "hashes": [
                "sha256:238e70234214138ed7b4e8a0fab0e5e13872edab3be586ab8198c407620e2ab9",
                "sha256:8b536a8ec63dc0751342b3984193a3118f8fca2afe25752bb9b7fffd398552d3"
            ],
            "markers": "sys_platform == 'win32'",
            "version": "==2022.1"
        }
    },
    "develop": {
        "atomicwrites": {
            "hashes": [
                "sha256:6d1784dea7c0c8d4a5172b6c620f40b6e4cbfdf96d783691f2e1302a7b88e197",
                "sha256:ae70396ad1a434f9c7046fd2dd196fc04b12f9e91ffb859164193be8b6168a7a"
            ],
            "markers": "sys_platform == 'win32'",
            "version": "==1.4.0"
        },
        "attrs": {
            "hashes": [
                "sha256:2d27e3784d7a565d36ab851fe94887c5eccd6a463168875832a1be79c82828b4",
                "sha256:626ba8234211db98e869df76230a137c4c40a12d72445c45d5f5b716f076e2fd"
            ],
            "markers": "python_version >= '2.7' and python_version not in '3.0, 3.1, 3.2, 3.3, 3.4'",
            "version": "==21.4.0"
        },
        "colorama": {
            "hashes": [
                "sha256:5941b2b48a20143d2267e95b1c2a7603ce057ee39fd88e7329b0c292aa16869b",
                "sha256:9f47eda37229f68eee03b24b9748937c7dc3868f906e8ba69fbcbdd3bc5dc3e2"
            ],
            "markers": "sys_platform == 'win32'",
            "version": "==0.4.4"
        },
        "docopt": {
            "hashes": [
                "sha256:49b3a825280bd66b3aa83585ef59c4a8c82f2c8a522dbe754a8bc8d08c85c491"
            ],
            "version": "==0.6.2"
        },
        "iniconfig": {
            "hashes": [
                "sha256:011e24c64b7f47f6ebd835bb12a743f2fbe9a26d4cecaa7f53bc4f35ee9da8b3",
                "sha256:bc3af051d7d14b2ee5ef9969666def0cd1a000e121eaea580d4a313df4b37f32"
            ],
            "version": "==1.1.1"
        },
        "packaging": {
            "hashes": [
                "sha256:dd47c42927d89ab911e606518907cc2d3a1f38bbd026385970643f9c5b8ecfeb",
                "sha256:ef103e05f519cdc783ae24ea4e2e0f508a9c99b2d4969652eed6a2e1ea5bd522"
            ],
            "markers": "python_version >= '3.6'",
            "version": "==21.3"
        },
        "pluggy": {
            "hashes": [
                "sha256:4224373bacce55f955a878bf9cfa763c1e360858e330072059e10bad68531159",
                "sha256:74134bbf457f031a36d68416e1509f34bd5ccc019f0bcc952c7b909d06b37bd3"
            ],
            "markers": "python_version >= '3.6'",
            "version": "==1.0.0"
        },
        "py": {
            "hashes": [
                "sha256:51c75c4126074b472f746a24399ad32f6053d1b34b68d2fa41e558e6f4a98719",
                "sha256:607c53218732647dff4acdfcd50cb62615cedf612e72d1724fb1a0cc6405b378"
            ],
            "markers": "python_version >= '2.7' and python_version not in '3.0, 3.1, 3.2, 3.3, 3.4'",
            "version": "==1.11.0"
        },
        "pyparsing": {
            "hashes": [
                "sha256:18ee9022775d270c55187733956460083db60b37d0d0fb357445f3094eed3eea",
                "sha256:a6c06a88f252e6c322f65faf8f418b16213b51bdfaece0524c1c1bc30c63c484"
            ],
            "markers": "python_version >= '3.6'",
            "version": "==3.0.7"
        },
        "pytest": {
            "hashes": [
                "sha256:841132caef6b1ad17a9afde46dc4f6cfa59a05f9555aae5151f73bdf2820ca63",
                "sha256:92f723789a8fdd7180b6b06483874feca4c48a5c76968e03bb3e7f806a1869ea"
            ],
            "index": "pypi",
            "version": "==7.1.1"
        },
        "pytest-django": {
            "hashes": [
                "sha256:c60834861933773109334fe5a53e83d1ef4828f2203a1d6a0fa9972f4f75ab3e",
                "sha256:d9076f759bb7c36939dbdd5ae6633c18edfc2902d1a69fdbefd2426b970ce6c2"
            ],
            "index": "pypi",
            "version": "==4.5.2"
        },
        "pytest-watch": {
            "hashes": [
                "sha256:06136f03d5b361718b8d0d234042f7b2f203910d8568f63df2f866b547b3d4b9"
            ],
            "index": "pypi",
            "version": "==4.2.0"
        },
        "tomli": {
            "hashes": [
                "sha256:939de3e7a6161af0c887ef91b7d41a53e7c5a1ca976325f429cb46ea9bc30ecc",
                "sha256:de526c12914f0c550d15924c62d72abc48d6fe7364aa87328337a31007fe8a4f"
            ],
            "markers": "python_version >= '3.7'",
            "version": "==2.0.1"
        },
        "watchdog": {
            "hashes": [
                "sha256:03b43d583df0f18782a0431b6e9e9965c5b3f7cf8ec36a00b930def67942c385",
                "sha256:0908bb50f6f7de54d5d31ec3da1654cb7287c6b87bce371954561e6de379d690",
                "sha256:0b4a1fe6201c6e5a1926f5767b8664b45f0fcb429b62564a41f490ff1ce1dc7a",
                "sha256:177bae28ca723bc00846466016d34f8c1d6a621383b6caca86745918d55c7383",
                "sha256:19b36d436578eb437e029c6b838e732ed08054956366f6dd11875434a62d2b99",
                "sha256:1d1cf7dfd747dec519486a98ef16097e6c480934ef115b16f18adb341df747a4",
                "sha256:1e877c70245424b06c41ac258023ea4bd0c8e4ff15d7c1368f17cd0ae6e351dd",
                "sha256:340b875aecf4b0e6672076a6f05cfce6686935559bb6d34cebedee04126a9566",
                "sha256:351e09b6d9374d5bcb947e6ac47a608ec25b9d70583e9db00b2fcdb97b00b572",
                "sha256:3fd47815353be9c44eebc94cc28fe26b2b0c5bd889dafc4a5a7cbdf924143480",
                "sha256:49639865e3db4be032a96695c98ac09eed39bbb43fe876bb217da8f8101689a6",
                "sha256:4d0e98ac2e8dd803a56f4e10438b33a2d40390a72750cff4939b4b274e7906fa",
                "sha256:6e6ae29b72977f2e1ee3d0b760d7ee47896cb53e831cbeede3e64485e5633cc8",
                "sha256:7f14ce6adea2af1bba495acdde0e510aecaeb13b33f7bd2f6324e551b26688ca",
                "sha256:81982c7884aac75017a6ecc72f1a4fedbae04181a8665a34afce9539fc1b3fab",
                "sha256:81a5861d0158a7e55fe149335fb2bbfa6f48cbcbd149b52dbe2cd9a544034bbd",
                "sha256:ae934e34c11aa8296c18f70bf66ed60e9870fcdb4cc19129a04ca83ab23e7055",
                "sha256:b26e13e8008dcaea6a909e91d39b629a39635d1a8a7239dd35327c74f4388601",
                "sha256:b3750ee5399e6e9c69eae8b125092b871ee9e2fcbd657a92747aea28f9056a5c",
                "sha256:b61acffaf5cd5d664af555c0850f9747cc5f2baf71e54bbac164c58398d6ca7b",
                "sha256:b9777664848160449e5b4260e0b7bc1ae0f6f4992a8b285db4ec1ef119ffa0e2",
                "sha256:bdcbf75580bf4b960fb659bbccd00123d83119619195f42d721e002c1621602f",
                "sha256:d802d65262a560278cf1a65ef7cae4e2bc7ecfe19e5451349e4c67e23c9dc420",
                "sha256:ed6d9aad09a2a948572224663ab00f8975fae242aa540509737bb4507133fa2d"
            ],
            "markers": "python_version >= '3.6'",
            "version": "==2.1.7"
        }
    }
}
